<?xml version="1.0" encoding="utf-8"?>
<Project ToolsVersion="4.0" xmlns="http://schemas.microsoft.com/developer/msbuild/2003">
  <ItemGroup>
    <Filter Include="소스 파일">
      <UniqueIdentifier>{4FC737F1-C7A5-4376-A066-2A32D752A2FF}</UniqueIdentifier>
      <Extensions>cpp;c;cc;cxx;c++;cppm;ixx;def;odl;idl;hpj;bat;asm;asmx</Extensions>
    </Filter>
    <Filter Include="헤더 파일">
      <UniqueIdentifier>{93995380-89BD-4b04-88EB-625FBE52EBFB}</UniqueIdentifier>
      <Extensions>h;hh;hpp;hxx;h++;hm;inl;inc;ipp;xsd</Extensions>
    </Filter>
    <Filter Include="리소스 파일">
      <UniqueIdentifier>{67DA6AB6-F800-4c08-8B7A-83BB121AAD01}</UniqueIdentifier>
      <Extensions>rc;ico;cur;bmp;dlg;rc2;rct;bin;rgs;gif;jpg;jpeg;jpe;resx;tiff;tif;png;wav;mfcribbon-ms</Extensions>
    </Filter>
    <Filter Include="소스 파일\example">
      <UniqueIdentifier>{75c62e1c-fd38-4679-83ac-44cc8dff36b6}</UniqueIdentifier>
    </Filter>
    <Filter Include="소스 파일\example\classification">
      <UniqueIdentifier>{e5f66748-9f71-4bef-b819-30839cdc4abb}</UniqueIdentifier>
    </Filter>
    <Filter Include="소스 파일\example\classification\cpu">
      <UniqueIdentifier>{9c8e0dd0-2c09-4296-9c1a-b9e566cc3224}</UniqueIdentifier>
    </Filter>
    <Filter Include="소스 파일\example\objectDetection">
      <UniqueIdentifier>{07f6c327-9d93-4ad7-8921-11a7dcfed597}</UniqueIdentifier>
    </Filter>
    <Filter Include="소스 파일\example\objectDetection\cpu">
      <UniqueIdentifier>{3d5cd3a9-edeb-4680-b624-d22c81959b96}</UniqueIdentifier>
    </Filter>
  </ItemGroup>
  <ItemGroup>
    <ClCompile Include="main.cpp">
      <Filter>소스 파일</Filter>
    </ClCompile>
    <ClCompile Include="Image_Classification_Implementaion.cpp">
      <Filter>소스 파일\example\classification\cpu</Filter>
    </ClCompile>
    <ClCompile Include="ObjectDetection_Implementation.cpp">
      <Filter>소스 파일\example\objectDetection\cpu</Filter>
    </ClCompile>
  </ItemGroup>
</Project>